
Microsoft Visual Studio Solution File, Format Version 12.00
# Visual Studio Version 16
VisualStudioVersion = 16.0.31313.79
MinimumVisualStudioVersion = 10.0.40219.1
Project("{9A19103F-16F7-4668-BE54-9A1E7A4F7556}") = "KronborgsSHopCL", "KronborgsSHopCL\KronborgsSHopCL.csproj", "{A98D2A29-1925-4997-8C48-E7F2A0100365}"
EndProject
Project("{9A19103F-16F7-4668-BE54-9A1E7A4F7556}") = "KronborgsShopORM", "KronborgsShopORM\KronborgsShopORM.csproj", "{0F1411F0-4C97-480A-AB80-FFBE80489E64}"
EndProject
Project("{9A19103F-16F7-4668-BE54-9A1E7A4F7556}") = "KronborgsShopTestC", "KronborgsShopTestC\KronborgsShopTestC.csproj", "{F4262D6B-4143-448D-B6D4-A01327D4E5D1}"
EndProject
Project("{FAE04EC0-301F-11D3-BF4B-00C04F79EFBC}") = "KronborgsShopAPI", "KronborgsShopAPI\KronborgsShopAPI.csproj", "{AA3617F5-BF2B-4FFE-98F6-1134E3CA1235}"
EndProject
Global
	GlobalSection(SolutionConfigurationPlatforms) = preSolution
		Debug|Any CPU = Debug|Any CPU
		Release|Any CPU = Release|Any CPU
	EndGlobalSection
	GlobalSection(ProjectConfigurationPlatforms) = postSolution
		{A98D2A29-1925-4997-8C48-E7F2A0100365}.Debug|Any CPU.ActiveCfg = Debug|Any CPU
		{A98D2A29-1925-4997-8C48-E7F2A0100365}.Debug|Any CPU.Build.0 = Debug|Any CPU
		{A98D2A29-1925-4997-8C48-E7F2A0100365}.Release|Any CPU.ActiveCfg = Release|Any CPU
		{A98D2A29-1925-4997-8C48-E7F2A0100365}.Release|Any CPU.Build.0 = Release|Any CPU
		{0F1411F0-4C97-480A-AB80-FFBE80489E64}.Debug|Any CPU.ActiveCfg = Debug|Any CPU
		{0F1411F0-4C97-480A-AB80-FFBE80489E64}.Debug|Any CPU.Build.0 = Debug|Any CPU
		{0F1411F0-4C97-480A-AB80-FFBE80489E64}.Release|Any CPU.ActiveCfg = Release|Any CPU
		{0F1411F0-4C97-480A-AB80-FFBE80489E64}.Release|Any CPU.Build.0 = Release|Any CPU
		{F4262D6B-4143-448D-B6D4-A01327D4E5D1}.Debug|Any CPU.ActiveCfg = Debug|Any CPU
		{F4262D6B-4143-448D-B6D4-A01327D4E5D1}.Debug|Any CPU.Build.0 = Debug|Any CPU
		{F4262D6B-4143-448D-B6D4-A01327D4E5D1}.Release|Any CPU.ActiveCfg = Release|Any CPU
		{F4262D6B-4143-448D-B6D4-A01327D4E5D1}.Release|Any CPU.Build.0 = Release|Any CPU
		{AA3617F5-BF2B-4FFE-98F6-1134E3CA1235}.Debug|Any CPU.ActiveCfg = Debug|Any CPU
		{AA3617F5-BF2B-4FFE-98F6-1134E3CA1235}.Debug|Any CPU.Build.0 = Debug|Any CPU
		{AA3617F5-BF2B-4FFE-98F6-1134E3CA1235}.Release|Any CPU.ActiveCfg = Release|Any CPU
		{AA3617F5-BF2B-4FFE-98F6-1134E3CA1235}.Release|Any CPU.Build.0 = Release|Any CPU
	EndGlobalSection
	GlobalSection(SolutionProperties) = preSolution
		HideSolutionNode = FALSE
	EndGlobalSection
	GlobalSection(ExtensibilityGlobals) = postSolution
		SolutionGuid = {15830097-2C9A-47D0-B23E-C15B666DAEF1}
	EndGlobalSection
EndGlobal
